
Microsoft Visual Studio Solution File, Format Version 12.00
# Visual Studio Version 17
VisualStudioVersion = 17.0.31903.59
MinimumVisualStudioVersion = 10.0.40219.1
Project("{FAE04EC0-301F-11D3-BF4B-00C04F79EFBC}") = "HashBank.Domain", "HashBank.Domain\HashBank.Domain.csproj", "{C9E33709-E5A8-445F-BC9C-50EA97A99431}"
EndProject
Project("{FAE04EC0-301F-11D3-BF4B-00C04F79EFBC}") = "HashBank.Services", "HashBank.Services\HashBank.Services.csproj", "{E10C7FBF-CDEB-45C6-B13A-150D5FFE46F4}"
EndProject
Project("{2150E333-8FDC-42A3-9474-1A3956D46DE8}") = "HashBank.Infraestructure", "HashBank.Infraestructure", "{E7C287A4-73B8-BA87-568B-4D959B280C83}"
EndProject
Project("{FAE04EC0-301F-11D3-BF4B-00C04F79EFBC}") = "HashBank.Infrastructure", "HashBank.Infraestructure\HashBank.Infrastructure.csproj", "{90E1C870-5D5B-4327-98DF-1F1AF778E484}"
EndProject
Project("{FAE04EC0-301F-11D3-BF4B-00C04F79EFBC}") = "HashBank.Api", "HashBank.Api\HashBank.Api.csproj", "{433C8EA7-08D5-40EE-B38E-164CD511680C}"
EndProject
Project("{FAE04EC0-301F-11D3-BF4B-00C04F79EFBC}") = "HashBank.Test", "HashBank.Test\HashBank.Test.csproj", "{158F58F6-0C0C-41FC-801A-C0F836C57611}"
EndProject
Global
	GlobalSection(SolutionConfigurationPlatforms) = preSolution
		Debug|Any CPU = Debug|Any CPU
		Debug|x64 = Debug|x64
		Debug|x86 = Debug|x86
		Release|Any CPU = Release|Any CPU
		Release|x64 = Release|x64
		Release|x86 = Release|x86
	EndGlobalSection
	GlobalSection(ProjectConfigurationPlatforms) = postSolution
		{C9E33709-E5A8-445F-BC9C-50EA97A99431}.Debug|Any CPU.ActiveCfg = Debug|Any CPU
		{C9E33709-E5A8-445F-BC9C-50EA97A99431}.Debug|Any CPU.Build.0 = Debug|Any CPU
		{C9E33709-E5A8-445F-BC9C-50EA97A99431}.Debug|x64.ActiveCfg = Debug|Any CPU
		{C9E33709-E5A8-445F-BC9C-50EA97A99431}.Debug|x64.Build.0 = Debug|Any CPU
		{C9E33709-E5A8-445F-BC9C-50EA97A99431}.Debug|x86.ActiveCfg = Debug|Any CPU
		{C9E33709-E5A8-445F-BC9C-50EA97A99431}.Debug|x86.Build.0 = Debug|Any CPU
		{C9E33709-E5A8-445F-BC9C-50EA97A99431}.Release|Any CPU.ActiveCfg = Release|Any CPU
		{C9E33709-E5A8-445F-BC9C-50EA97A99431}.Release|Any CPU.Build.0 = Release|Any CPU
		{C9E33709-E5A8-445F-BC9C-50EA97A99431}.Release|x64.ActiveCfg = Release|Any CPU
		{C9E33709-E5A8-445F-BC9C-50EA97A99431}.Release|x64.Build.0 = Release|Any CPU
		{C9E33709-E5A8-445F-BC9C-50EA97A99431}.Release|x86.ActiveCfg = Release|Any CPU
		{C9E33709-E5A8-445F-BC9C-50EA97A99431}.Release|x86.Build.0 = Release|Any CPU
		{E10C7FBF-CDEB-45C6-B13A-150D5FFE46F4}.Debug|Any CPU.ActiveCfg = Debug|Any CPU
		{E10C7FBF-CDEB-45C6-B13A-150D5FFE46F4}.Debug|Any CPU.Build.0 = Debug|Any CPU
		{E10C7FBF-CDEB-45C6-B13A-150D5FFE46F4}.Debug|x64.ActiveCfg = Debug|Any CPU
		{E10C7FBF-CDEB-45C6-B13A-150D5FFE46F4}.Debug|x64.Build.0 = Debug|Any CPU
		{E10C7FBF-CDEB-45C6-B13A-150D5FFE46F4}.Debug|x86.ActiveCfg = Debug|Any CPU
		{E10C7FBF-CDEB-45C6-B13A-150D5FFE46F4}.Debug|x86.Build.0 = Debug|Any CPU
		{E10C7FBF-CDEB-45C6-B13A-150D5FFE46F4}.Release|Any CPU.ActiveCfg = Release|Any CPU
		{E10C7FBF-CDEB-45C6-B13A-150D5FFE46F4}.Release|Any CPU.Build.0 = Release|Any CPU
		{E10C7FBF-CDEB-45C6-B13A-150D5FFE46F4}.Release|x64.ActiveCfg = Release|Any CPU
		{E10C7FBF-CDEB-45C6-B13A-150D5FFE46F4}.Release|x64.Build.0 = Release|Any CPU
		{E10C7FBF-CDEB-45C6-B13A-150D5FFE46F4}.Release|x86.ActiveCfg = Release|Any CPU
		{E10C7FBF-CDEB-45C6-B13A-150D5FFE46F4}.Release|x86.Build.0 = Release|Any CPU
		{90E1C870-5D5B-4327-98DF-1F1AF778E484}.Debug|Any CPU.ActiveCfg = Debug|Any CPU
		{90E1C870-5D5B-4327-98DF-1F1AF778E484}.Debug|Any CPU.Build.0 = Debug|Any CPU
		{90E1C870-5D5B-4327-98DF-1F1AF778E484}.Debug|x64.ActiveCfg = Debug|Any CPU
		{90E1C870-5D5B-4327-98DF-1F1AF778E484}.Debug|x64.Build.0 = Debug|Any CPU
		{90E1C870-5D5B-4327-98DF-1F1AF778E484}.Debug|x86.ActiveCfg = Debug|Any CPU
		{90E1C870-5D5B-4327-98DF-1F1AF778E484}.Debug|x86.Build.0 = Debug|Any CPU
		{90E1C870-5D5B-4327-98DF-1F1AF778E484}.Release|Any CPU.ActiveCfg = Release|Any CPU
		{90E1C870-5D5B-4327-98DF-1F1AF778E484}.Release|Any CPU.Build.0 = Release|Any CPU
		{90E1C870-5D5B-4327-98DF-1F1AF778E484}.Release|x64.ActiveCfg = Release|Any CPU
		{90E1C870-5D5B-4327-98DF-1F1AF778E484}.Release|x64.Build.0 = Release|Any CPU
		{90E1C870-5D5B-4327-98DF-1F1AF778E484}.Release|x86.ActiveCfg = Release|Any CPU
		{90E1C870-5D5B-4327-98DF-1F1AF778E484}.Release|x86.Build.0 = Release|Any CPU
		{433C8EA7-08D5-40EE-B38E-164CD511680C}.Debug|Any CPU.ActiveCfg = Debug|Any CPU
		{433C8EA7-08D5-40EE-B38E-164CD511680C}.Debug|Any CPU.Build.0 = Debug|Any CPU
		{433C8EA7-08D5-40EE-B38E-164CD511680C}.Debug|x64.ActiveCfg = Debug|Any CPU
		{433C8EA7-08D5-40EE-B38E-164CD511680C}.Debug|x64.Build.0 = Debug|Any CPU
		{433C8EA7-08D5-40EE-B38E-164CD511680C}.Debug|x86.ActiveCfg = Debug|Any CPU
		{433C8EA7-08D5-40EE-B38E-164CD511680C}.Debug|x86.Build.0 = Debug|Any CPU
		{433C8EA7-08D5-40EE-B38E-164CD511680C}.Release|Any CPU.ActiveCfg = Release|Any CPU
		{433C8EA7-08D5-40EE-B38E-164CD511680C}.Release|Any CPU.Build.0 = Release|Any CPU
		{433C8EA7-08D5-40EE-B38E-164CD511680C}.Release|x64.ActiveCfg = Release|Any CPU
		{433C8EA7-08D5-40EE-B38E-164CD511680C}.Release|x64.Build.0 = Release|Any CPU
		{433C8EA7-08D5-40EE-B38E-164CD511680C}.Release|x86.ActiveCfg = Release|Any CPU
		{433C8EA7-08D5-40EE-B38E-164CD511680C}.Release|x86.Build.0 = Release|Any CPU
		{158F58F6-0C0C-41FC-801A-C0F836C57611}.Debug|Any CPU.ActiveCfg = Debug|Any CPU
		{158F58F6-0C0C-41FC-801A-C0F836C57611}.Debug|Any CPU.Build.0 = Debug|Any CPU
		{158F58F6-0C0C-41FC-801A-C0F836C57611}.Debug|x64.ActiveCfg = Debug|Any CPU
		{158F58F6-0C0C-41FC-801A-C0F836C57611}.Debug|x64.Build.0 = Debug|Any CPU
		{158F58F6-0C0C-41FC-801A-C0F836C57611}.Debug|x86.ActiveCfg = Debug|Any CPU
		{158F58F6-0C0C-41FC-801A-C0F836C57611}.Debug|x86.Build.0 = Debug|Any CPU
		{158F58F6-0C0C-41FC-801A-C0F836C57611}.Release|Any CPU.ActiveCfg = Release|Any CPU
		{158F58F6-0C0C-41FC-801A-C0F836C57611}.Release|Any CPU.Build.0 = Release|Any CPU
		{158F58F6-0C0C-41FC-801A-C0F836C57611}.Release|x64.ActiveCfg = Release|Any CPU
		{158F58F6-0C0C-41FC-801A-C0F836C57611}.Release|x64.Build.0 = Release|Any CPU
		{158F58F6-0C0C-41FC-801A-C0F836C57611}.Release|x86.ActiveCfg = Release|Any CPU
		{158F58F6-0C0C-41FC-801A-C0F836C57611}.Release|x86.Build.0 = Release|Any CPU
	EndGlobalSection
	GlobalSection(SolutionProperties) = preSolution
		HideSolutionNode = FALSE
	EndGlobalSection
	GlobalSection(NestedProjects) = preSolution
		{90E1C870-5D5B-4327-98DF-1F1AF778E484} = {E7C287A4-73B8-BA87-568B-4D959B280C83}
	EndGlobalSection
EndGlobal
